// !$*UTF8*$!
{
	archiveVersion = 1;
	classes = {
	};
	objectVersion = 46;
	objects = {

/* Begin PBXBuildFile section */
		2B2AA6F76D38E852728902AC /* Pods_EMDemo.framework in Frameworks */ = {isa = PBXBuildFile; fileRef = D809F892AEACB898C3C068F5 /* Pods_EMDemo.framework */; };
		7924610B1D2C964B00983FDA /* main.m in Sources */ = {isa = PBXBuildFile; fileRef = 7924610A1D2C964B00983FDA /* main.m */; };
		7924610E1D2C964B00983FDA /* AppDelegate.m in Sources */ = {isa = PBXBuildFile; fileRef = 7924610D1D2C964B00983FDA /* AppDelegate.m */; };
		792461161D2C964B00983FDA /* Assets.xcassets in Resources */ = {isa = PBXBuildFile; fileRef = 792461151D2C964B00983FDA /* Assets.xcassets */; };
		792461191D2C964B00983FDA /* LaunchScreen.storyboard in Resources */ = {isa = PBXBuildFile; fileRef = 792461171D2C964B00983FDA /* LaunchScreen.storyboard */; };
		792461241D2C964B00983FDA /* EMDemoTests.m in Sources */ = {isa = PBXBuildFile; fileRef = 792461231D2C964B00983FDA /* EMDemoTests.m */; };
		7924612F1D2C964B00983FDA /* EMDemoUITests.m in Sources */ = {isa = PBXBuildFile; fileRef = 7924612E1D2C964B00983FDA /* EMDemoUITests.m */; };
		7924613D1D2C9C3B00983FDA /* Liangchen.storyboard in Resources */ = {isa = PBXBuildFile; fileRef = 7924613C1D2C9C3B00983FDA /* Liangchen.storyboard */; };
		792461401D2CA14A00983FDA /* LoginViewController.m in Sources */ = {isa = PBXBuildFile; fileRef = 7924613F1D2CA14A00983FDA /* LoginViewController.m */; };
		792461431D2CA15800983FDA /* RegistViewController.m in Sources */ = {isa = PBXBuildFile; fileRef = 792461421D2CA15800983FDA /* RegistViewController.m */; };
		792461461D2CB4EC00983FDA /* MessageViewController.m in Sources */ = {isa = PBXBuildFile; fileRef = 792461451D2CB4EC00983FDA /* MessageViewController.m */; };
		7924614B1D2CD62700983FDA /* FriendViewController.m in Sources */ = {isa = PBXBuildFile; fileRef = 7924614A1D2CD62700983FDA /* FriendViewController.m */; };
		7924614E1D2CD68B00983FDA /* AddViewController.m in Sources */ = {isa = PBXBuildFile; fileRef = 7924614D1D2CD68B00983FDA /* AddViewController.m */; };
		792461511D2CE4E600983FDA /* ChatViewController.m in Sources */ = {isa = PBXBuildFile; fileRef = 792461501D2CE4E600983FDA /* ChatViewController.m */; };
/* End PBXBuildFile section */

/* Begin PBXContainerItemProxy section */
		792461201D2C964B00983FDA /* PBXContainerItemProxy */ = {
			isa = PBXContainerItemProxy;
			containerPortal = 792460FE1D2C964B00983FDA /* Project object */;
			proxyType = 1;
			remoteGlobalIDString = 792461051D2C964B00983FDA;
			remoteInfo = EMDemo;
		};
		7924612B1D2C964B00983FDA /* PBXContainerItemProxy */ = {
			isa = PBXContainerItemProxy;
			containerPortal = 792460FE1D2C964B00983FDA /* Project object */;
			proxyType = 1;
			remoteGlobalIDString = 792461051D2C964B00983FDA;
			remoteInfo = EMDemo;
		};
/* End PBXContainerItemProxy section */

/* Begin PBXFileReference section */
		1CAB29CE0A82EAE1274C4D7A /* Pods-EMDemo.release.xcconfig */ = {isa = PBXFileReference; includeInIndex = 1; lastKnownFileType = text.xcconfig; name = "Pods-EMDemo.release.xcconfig"; path = "Pods/Target Support Files/Pods-EMDemo/Pods-EMDemo.release.xcconfig"; sourceTree = "<group>"; };
		77B2B701D3F2C88C4999D9AE /* Pods-EMDemo.debug.xcconfig */ = {isa = PBXFileReference; includeInIndex = 1; lastKnownFileType = text.xcconfig; name = "Pods-EMDemo.debug.xcconfig"; path = "Pods/Target Support Files/Pods-EMDemo/Pods-EMDemo.debug.xcconfig"; sourceTree = "<group>"; };
		792461061D2C964B00983FDA /* EMDemo.app */ = {isa = PBXFileReference; explicitFileType = wrapper.application; includeInIndex = 0; path = EMDemo.app; sourceTree = BUILT_PRODUCTS_DIR; };
		7924610A1D2C964B00983FDA /* main.m */ = {isa = PBXFileReference; lastKnownFileType = sourcecode.c.objc; path = main.m; sourceTree = "<group>"; };
		7924610C1D2C964B00983FDA /* AppDelegate.h */ = {isa = PBXFileReference; lastKnownFileType = sourcecode.c.h; path = AppDelegate.h; sourceTree = "<group>"; };
		7924610D1D2C964B00983FDA /* AppDelegate.m */ = {isa = PBXFileReference; lastKnownFileType = sourcecode.c.objc; path = AppDelegate.m; sourceTree = "<group>"; };
		792461151D2C964B00983FDA /* Assets.xcassets */ = {isa = PBXFileReference; lastKnownFileType = folder.assetcatalog; path = Assets.xcassets; sourceTree = "<group>"; };
		792461181D2C964B00983FDA /* Base */ = {isa = PBXFileReference; lastKnownFileType = file.storyboard; name = Base; path = Base.lproj/LaunchScreen.storyboard; sourceTree = "<group>"; };
		7924611A1D2C964B00983FDA /* Info.plist */ = {isa = PBXFileReference; lastKnownFileType = text.plist.xml; path = Info.plist; sourceTree = "<group>"; };
		7924611F1D2C964B00983FDA /* EMDemoTests.xctest */ = {isa = PBXFileReference; explicitFileType = wrapper.cfbundle; includeInIndex = 0; path = EMDemoTests.xctest; sourceTree = BUILT_PRODUCTS_DIR; };
		792461231D2C964B00983FDA /* EMDemoTests.m */ = {isa = PBXFileReference; lastKnownFileType = sourcecode.c.objc; path = EMDemoTests.m; sourceTree = "<group>"; };
		792461251D2C964B00983FDA /* Info.plist */ = {isa = PBXFileReference; lastKnownFileType = text.plist.xml; path = Info.plist; sourceTree = "<group>"; };
		7924612A1D2C964B00983FDA /* EMDemoUITests.xctest */ = {isa = PBXFileReference; explicitFileType = wrapper.cfbundle; includeInIndex = 0; path = EMDemoUITests.xctest; sourceTree = BUILT_PRODUCTS_DIR; };
		7924612E1D2C964B00983FDA /* EMDemoUITests.m */ = {isa = PBXFileReference; lastKnownFileType = sourcecode.c.objc; path = EMDemoUITests.m; sourceTree = "<group>"; };
		792461301D2C964B00983FDA /* Info.plist */ = {isa = PBXFileReference; lastKnownFileType = text.plist.xml; path = Info.plist; sourceTree = "<group>"; };
		7924613C1D2C9C3B00983FDA /* Liangchen.storyboard */ = {isa = PBXFileReference; fileEncoding = 4; lastKnownFileType = file.storyboard; path = Liangchen.storyboard; sourceTree = "<group>"; };
		7924613E1D2CA14A00983FDA /* LoginViewController.h */ = {isa = PBXFileReference; fileEncoding = 4; lastKnownFileType = sourcecode.c.h; path = LoginViewController.h; sourceTree = "<group>"; };
		7924613F1D2CA14A00983FDA /* LoginViewController.m */ = {isa = PBXFileReference; fileEncoding = 4; lastKnownFileType = sourcecode.c.objc; path = LoginViewController.m; sourceTree = "<group>"; };
		792461411D2CA15800983FDA /* RegistViewController.h */ = {isa = PBXFileReference; fileEncoding = 4; lastKnownFileType = sourcecode.c.h; path = RegistViewController.h; sourceTree = "<group>"; };
		792461421D2CA15800983FDA /* RegistViewController.m */ = {isa = PBXFileReference; fileEncoding = 4; lastKnownFileType = sourcecode.c.objc; path = RegistViewController.m; sourceTree = "<group>"; };
		792461441D2CB4EC00983FDA /* MessageViewController.h */ = {isa = PBXFileReference; fileEncoding = 4; lastKnownFileType = sourcecode.c.h; path = MessageViewController.h; sourceTree = "<group>"; };
		792461451D2CB4EC00983FDA /* MessageViewController.m */ = {isa = PBXFileReference; fileEncoding = 4; lastKnownFileType = sourcecode.c.objc; path = MessageViewController.m; sourceTree = "<group>"; };
		792461491D2CD62700983FDA /* FriendViewController.h */ = {isa = PBXFileReference; fileEncoding = 4; lastKnownFileType = sourcecode.c.h; path = FriendViewController.h; sourceTree = "<group>"; };
		7924614A1D2CD62700983FDA /* FriendViewController.m */ = {isa = PBXFileReference; fileEncoding = 4; lastKnownFileType = sourcecode.c.objc; path = FriendViewController.m; sourceTree = "<group>"; };
		7924614C1D2CD68B00983FDA /* AddViewController.h */ = {isa = PBXFileReference; fileEncoding = 4; lastKnownFileType = sourcecode.c.h; path = AddViewController.h; sourceTree = "<group>"; };
		7924614D1D2CD68B00983FDA /* AddViewController.m */ = {isa = PBXFileReference; fileEncoding = 4; lastKnownFileType = sourcecode.c.objc; path = AddViewController.m; sourceTree = "<group>"; };
		7924614F1D2CE4E600983FDA /* ChatViewController.h */ = {isa = PBXFileReference; fileEncoding = 4; lastKnownFileType = sourcecode.c.h; path = ChatViewController.h; sourceTree = "<group>"; };
		792461501D2CE4E600983FDA /* ChatViewController.m */ = {isa = PBXFileReference; fileEncoding = 4; lastKnownFileType = sourcecode.c.objc; path = ChatViewController.m; sourceTree = "<group>"; };
		D809F892AEACB898C3C068F5 /* Pods_EMDemo.framework */ = {isa = PBXFileReference; explicitFileType = wrapper.framework; includeInIndex = 0; path = Pods_EMDemo.framework; sourceTree = BUILT_PRODUCTS_DIR; };
/* End PBXFileReference section */

/* Begin PBXFrameworksBuildPhase section */
		792461031D2C964B00983FDA /* Frameworks */ = {
			isa = PBXFrameworksBuildPhase;
			buildActionMask = 2147483647;
			files = (
				2B2AA6F76D38E852728902AC /* Pods_EMDemo.framework in Frameworks */,
			);
			runOnlyForDeploymentPostprocessing = 0;
		};
		7924611C1D2C964B00983FDA /* Frameworks */ = {
			isa = PBXFrameworksBuildPhase;
			buildActionMask = 2147483647;
			files = (
			);
			runOnlyForDeploymentPostprocessing = 0;
		};
		792461271D2C964B00983FDA /* Frameworks */ = {
			isa = PBXFrameworksBuildPhase;
			buildActionMask = 2147483647;
			files = (
			);
			runOnlyForDeploymentPostprocessing = 0;
		};
/* End PBXFrameworksBuildPhase section */

/* Begin PBXGroup section */
		792460FD1D2C964B00983FDA = {
			isa = PBXGroup;
			children = (
				792461081D2C964B00983FDA /* EMDemo */,
				792461221D2C964B00983FDA /* EMDemoTests */,
				7924612D1D2C964B00983FDA /* EMDemoUITests */,
				792461071D2C964B00983FDA /* Products */,
				BA775C6E25AC49E921746F13 /* Pods */,
				D3E1B0E61AAF4A0EE10BAA03 /* Frameworks */,
			);
			sourceTree = "<group>";
		};
		792461071D2C964B00983FDA /* Products */ = {
			isa = PBXGroup;
			children = (
				792461061D2C964B00983FDA /* EMDemo.app */,
				7924611F1D2C964B00983FDA /* EMDemoTests.xctest */,
				7924612A1D2C964B00983FDA /* EMDemoUITests.xctest */,
			);
			name = Products;
			sourceTree = "<group>";
		};
		792461081D2C964B00983FDA /* EMDemo */ = {
			isa = PBXGroup;
			children = (
				7924610C1D2C964B00983FDA /* AppDelegate.h */,
				7924610D1D2C964B00983FDA /* AppDelegate.m */,
				7924613E1D2CA14A00983FDA /* LoginViewController.h */,
				7924613F1D2CA14A00983FDA /* LoginViewController.m */,
				792461411D2CA15800983FDA /* RegistViewController.h */,
				792461421D2CA15800983FDA /* RegistViewController.m */,
				792461441D2CB4EC00983FDA /* MessageViewController.h */,
				792461451D2CB4EC00983FDA /* MessageViewController.m */,
				792461491D2CD62700983FDA /* FriendViewController.h */,
				7924614A1D2CD62700983FDA /* FriendViewController.m */,
				7924614F1D2CE4E600983FDA /* ChatViewController.h */,
				792461501D2CE4E600983FDA /* ChatViewController.m */,
				7924614C1D2CD68B00983FDA /* AddViewController.h */,
				7924614D1D2CD68B00983FDA /* AddViewController.m */,
				7924613C1D2C9C3B00983FDA /* Liangchen.storyboard */,
				792461151D2C964B00983FDA /* Assets.xcassets */,
				792461171D2C964B00983FDA /* LaunchScreen.storyboard */,
				7924611A1D2C964B00983FDA /* Info.plist */,
				792461091D2C964B00983FDA /* Supporting Files */,
			);
			path = EMDemo;
			sourceTree = "<group>";
		};
		792461091D2C964B00983FDA /* Supporting Files */ = {
			isa = PBXGroup;
			children = (
				7924610A1D2C964B00983FDA /* main.m */,
			);
			name = "Supporting Files";
			sourceTree = "<group>";
		};
		792461221D2C964B00983FDA /* EMDemoTests */ = {
			isa = PBXGroup;
			children = (
				792461231D2C964B00983FDA /* EMDemoTests.m */,
				792461251D2C964B00983FDA /* Info.plist */,
			);
			path = EMDemoTests;
			sourceTree = "<group>";
		};
		7924612D1D2C964B00983FDA /* EMDemoUITests */ = {
			isa = PBXGroup;
			children = (
				7924612E1D2C964B00983FDA /* EMDemoUITests.m */,
				792461301D2C964B00983FDA /* Info.plist */,
			);
			path = EMDemoUITests;
			sourceTree = "<group>";
		};
		BA775C6E25AC49E921746F13 /* Pods */ = {
			isa = PBXGroup;
			children = (
				77B2B701D3F2C88C4999D9AE /* Pods-EMDemo.debug.xcconfig */,
				1CAB29CE0A82EAE1274C4D7A /* Pods-EMDemo.release.xcconfig */,
			);
			name = Pods;
			sourceTree = "<group>";
		};
		D3E1B0E61AAF4A0EE10BAA03 /* Frameworks */ = {
			isa = PBXGroup;
			children = (
				D809F892AEACB898C3C068F5 /* Pods_EMDemo.framework */,
			);
			name = Frameworks;
			sourceTree = "<group>";
		};
/* End PBXGroup section */

/* Begin PBXNativeTarget section */
		792461051D2C964B00983FDA /* EMDemo */ = {
			isa = PBXNativeTarget;
			buildConfigurationList = 792461331D2C964B00983FDA /* Build configuration list for PBXNativeTarget "EMDemo" */;
			buildPhases = (
				05ECAC50D849BAA902492478 /* [CP] Check Pods Manifest.lock */,
				792461021D2C964B00983FDA /* Sources */,
				792461031D2C964B00983FDA /* Frameworks */,
				792461041D2C964B00983FDA /* Resources */,
				4EAE891DCEFDB23FF37170DF /* [CP] Embed Pods Frameworks */,
				BBA4C1C6E6E1CAB32756874E /* [CP] Copy Pods Resources */,
			);
			buildRules = (
			);
			dependencies = (
			);
			name = EMDemo;
			productName = EMDemo;
			productReference = 792461061D2C964B00983FDA /* EMDemo.app */;
			productType = "com.apple.product-type.application";
		};
		7924611E1D2C964B00983FDA /* EMDemoTests */ = {
			isa = PBXNativeTarget;
			buildConfigurationList = 792461361D2C964B00983FDA /* Build configuration list for PBXNativeTarget "EMDemoTests" */;
			buildPhases = (
				7924611B1D2C964B00983FDA /* Sources */,
				7924611C1D2C964B00983FDA /* Frameworks */,
				7924611D1D2C964B00983FDA /* Resources */,
			);
			buildRules = (
			);
			dependencies = (
				792461211D2C964B00983FDA /* PBXTargetDependency */,
			);
			name = EMDemoTests;
			productName = EMDemoTests;
			productReference = 7924611F1D2C964B00983FDA /* EMDemoTests.xctest */;
			productType = "com.apple.product-type.bundle.unit-test";
		};
		792461291D2C964B00983FDA /* EMDemoUITests */ = {
			isa = PBXNativeTarget;
			buildConfigurationList = 792461391D2C964B00983FDA /* Build configuration list for PBXNativeTarget "EMDemoUITests" */;
			buildPhases = (
				792461261D2C964B00983FDA /* Sources */,
				792461271D2C964B00983FDA /* Frameworks */,
				792461281D2C964B00983FDA /* Resources */,
			);
			buildRules = (
			);
			dependencies = (
				7924612C1D2C964B00983FDA /* PBXTargetDependency */,
			);
			name = EMDemoUITests;
			productName = EMDemoUITests;
			productReference = 7924612A1D2C964B00983FDA /* EMDemoUITests.xctest */;
			productType = "com.apple.product-type.bundle.ui-testing";
		};
/* End PBXNativeTarget section */

/* Begin PBXProject section */
		792460FE1D2C964B00983FDA /* Project object */ = {
			isa = PBXProject;
			attributes = {
				LastUpgradeCheck = 0720;
				ORGANIZATIONNAME = lanou;
				TargetAttributes = {
					792461051D2C964B00983FDA = {
						CreatedOnToolsVersion = 7.2.1;
					};
					7924611E1D2C964B00983FDA = {
						CreatedOnToolsVersion = 7.2.1;
						TestTargetID = 792461051D2C964B00983FDA;
					};
					792461291D2C964B00983FDA = {
						CreatedOnToolsVersion = 7.2.1;
						TestTargetID = 792461051D2C964B00983FDA;
					};
				};
			};
			buildConfigurationList = 792461011D2C964B00983FDA /* Build configuration list for PBXProject "EMDemo" */;
			compatibilityVersion = "Xcode 3.2";
			developmentRegion = English;
			hasScannedForEncodings = 0;
			knownRegions = (
				en,
				Base,
			);
			mainGroup = 792460FD1D2C964B00983FDA;
			productRefGroup = 792461071D2C964B00983FDA /* Products */;
			projectDirPath = "";
			projectRoot = "";
			targets = (
				792461051D2C964B00983FDA /* EMDemo */,
				7924611E1D2C964B00983FDA /* EMDemoTests */,
				792461291D2C964B00983FDA /* EMDemoUITests */,
			);
		};
/* End PBXProject section */

/* Begin PBXResourcesBuildPhase section */
		792461041D2C964B00983FDA /* Resources */ = {
			isa = PBXResourcesBuildPhase;
			buildActionMask = 2147483647;
			files = (
				7924613D1D2C9C3B00983FDA /* Liangchen.storyboard in Resources */,
				792461191D2C964B00983FDA /* LaunchScreen.storyboard in Resources */,
				792461161D2C964B00983FDA /* Assets.xcassets in Resources */,
			);
			runOnlyForDeploymentPostprocessing = 0;
		};
		7924611D1D2C964B00983FDA /* Resources */ = {
			isa = PBXResourcesBuildPhase;
			buildActionMask = 2147483647;
			files = (
			);
			runOnlyForDeploymentPostprocessing = 0;
		};
		792461281D2C964B00983FDA /* Resources */ = {
			isa = PBXResourcesBuildPhase;
			buildActionMask = 2147483647;
			files = (
			);
			runOnlyForDeploymentPostprocessing = 0;
		};
/* End PBXResourcesBuildPhase section */

/* Begin PBXShellScriptBuildPhase section */
		05ECAC50D849BAA902492478 /* [CP] Check Pods Manifest.lock */ = {
			isa = PBXShellScriptBuildPhase;
			buildActionMask = 2147483647;
			files = (
			);
			inputPaths = (
			);
			name = "[CP] Check Pods Manifest.lock";
			outputPaths = (
			);
			runOnlyForDeploymentPostprocessing = 0;
			shellPath = /bin/sh;
			shellScript = "diff \"${PODS_ROOT}/../Podfile.lock\" \"${PODS_ROOT}/Manifest.lock\" > /dev/null\nif [[ $? != 0 ]] ; then\n    cat << EOM\nerror: The sandbox is not in sync with the Podfile.lock. Run 'pod install' or update your CocoaPods installation.\nEOM\n    exit 1\nfi\n";
			showEnvVarsInLog = 0;
		};
		4EAE891DCEFDB23FF37170DF /* [CP] Embed Pods Frameworks */ = {
			isa = PBXShellScriptBuildPhase;
			buildActionMask = 2147483647;
			files = (
			);
			inputPaths = (
			);
			name = "[CP] Embed Pods Frameworks";
			outputPaths = (
			);
			runOnlyForDeploymentPostprocessing = 0;
			shellPath = /bin/sh;
			shellScript = "\"${SRCROOT}/Pods/Target Support Files/Pods-EMDemo/Pods-EMDemo-frameworks.sh\"\n";
			showEnvVarsInLog = 0;
		};
		BBA4C1C6E6E1CAB32756874E /* [CP] Copy Pods Resources */ = {
			isa = PBXShellScriptBuildPhase;
			buildActionMask = 2147483647;
			files = (
			);
			inputPaths = (
			);
			name = "[CP] Copy Pods Resources";
			outputPaths = (
			);
			runOnlyForDeploymentPostprocessing = 0;
			shellPath = /bin/sh;
			shellScript = "\"${SRCROOT}/Pods/Target Support Files/Pods-EMDemo/Pods-EMDemo-resources.sh\"\n";
			showEnvVarsInLog = 0;
		};
/* End PBXShellScriptBuildPhase section */

/* Begin PBXSourcesBuildPhase section */
		792461021D2C964B00983FDA /* Sources */ = {
			isa = PBXSourcesBuildPhase;
			buildActionMask = 2147483647;
			files = (
				7924610E1D2C964B00983FDA /* AppDelegate.m in Sources */,
				792461461D2CB4EC00983FDA /* MessageViewController.m in Sources */,
				7924610B1D2C964B00983FDA /* main.m in Sources */,
				7924614E1D2CD68B00983FDA /* AddViewController.m in Sources */,
				792461431D2CA15800983FDA /* RegistViewController.m in Sources */,
				7924614B1D2CD62700983FDA /* FriendViewController.m in Sources */,
				792461511D2CE4E600983FDA /* ChatViewController.m in Sources */,
				792461401D2CA14A00983FDA /* LoginViewController.m in Sources */,
			);
			runOnlyForDeploymentPostprocessing = 0;
		};
		7924611B1D2C964B00983FDA /* Sources */ = {
			isa = PBXSourcesBuildPhase;
			buildActionMask = 2147483647;
			files = (
				792461241D2C964B00983FDA /* EMDemoTests.m in Sources */,
			);
			runOnlyForDeploymentPostprocessing = 0;
		};
		792461261D2C964B00983FDA /* Sources */ = {
			isa = PBXSourcesBuildPhase;
			buildActionMask = 2147483647;
			files = (
				7924612F1D2C964B00983FDA /* EMDemoUITests.m in Sources */,
			);
			runOnlyForDeploymentPostprocessing = 0;
		};
/* End PBXSourcesBuildPhase section */

/* Begin PBXTargetDependency section */
		792461211D2C964B00983FDA /* PBXTargetDependency */ = {
			isa = PBXTargetDependency;
			target = 792461051D2C964B00983FDA /* EMDemo */;
			targetProxy = 792461201D2C964B00983FDA /* PBXContainerItemProxy */;
		};
		7924612C1D2C964B00983FDA /* PBXTargetDependency */ = {
			isa = PBXTargetDependency;
			target = 792461051D2C964B00983FDA /* EMDemo */;
			targetProxy = 7924612B1D2C964B00983FDA /* PBXContainerItemProxy */;
		};
/* End PBXTargetDependency section */

/* Begin PBXVariantGroup section */
		792461171D2C964B00983FDA /* LaunchScreen.storyboard */ = {
			isa = PBXVariantGroup;
			children = (
				792461181D2C964B00983FDA /* Base */,
			);
			name = LaunchScreen.storyboard;
			sourceTree = "<group>";
		};
/* End PBXVariantGroup section */

/* Begin XCBuildConfiguration section */
		792461311D2C964B00983FDA /* Debug */ = {
			isa = XCBuildConfiguration;
			buildSettings = {
				ALWAYS_SEARCH_USER_PATHS = NO;
				CLANG_CXX_LANGUAGE_STANDARD = "gnu++0x";
				CLANG_CXX_LIBRARY = "libc++";
				CLANG_ENABLE_MODULES = YES;
				CLANG_ENABLE_OBJC_ARC = YES;
				CLANG_WARN_BOOL_CONVERSION = YES;
				CLANG_WARN_CONSTANT_CONVERSION = YES;
				CLANG_WARN_DIRECT_OBJC_ISA_USAGE = YES_ERROR;
				CLANG_WARN_EMPTY_BODY = YES;
				CLANG_WARN_ENUM_CONVERSION = YES;
				CLANG_WARN_INT_CONVERSION = YES;
				CLANG_WARN_OBJC_ROOT_CLASS = YES_ERROR;
				CLANG_WARN_UNREACHABLE_CODE = YES;
				CLANG_WARN__DUPLICATE_METHOD_MATCH = YES;
				"CODE_SIGN_IDENTITY[sdk=iphoneos*]" = "iPhone Developer";
				COPY_PHASE_STRIP = NO;
				DEBUG_INFORMATION_FORMAT = dwarf;
				ENABLE_STRICT_OBJC_MSGSEND = YES;
				ENABLE_TESTABILITY = YES;
				GCC_C_LANGUAGE_STANDARD = gnu99;
				GCC_DYNAMIC_NO_PIC = NO;
				GCC_NO_COMMON_BLOCKS = YES;
				GCC_OPTIMIZATION_LEVEL = 0;
				GCC_PREPROCESSOR_DEFINITIONS = (
					"DEBUG=1",
					"$(inherited)",
				);
				GCC_WARN_64_TO_32_BIT_CONVERSION = YES;
				GCC_WARN_ABOUT_RETURN_TYPE = YES_ERROR;
				GCC_WARN_UNDECLARED_SELECTOR = YES;
				GCC_WARN_UNINITIALIZED_AUTOS = YES_AGGRESSIVE;
				GCC_WARN_UNUSED_FUNCTION = YES;
				GCC_WARN_UNUSED_VARIABLE = YES;
				IPHONEOS_DEPLOYMENT_TARGET = 9.2;
				MTL_ENABLE_DEBUG_INFO = YES;
				ONLY_ACTIVE_ARCH = YES;
				SDKROOT = iphoneos;
			};
			name = Debug;
		};
		792461321D2C964B00983FDA /* Release */ = {
			isa = XCBuildConfiguration;
			buildSettings = {
				ALWAYS_SEARCH_USER_PATHS = NO;
				CLANG_CXX_LANGUAGE_STANDARD = "gnu++0x";
				CLANG_CXX_LIBRARY = "libc++";
				CLANG_ENABLE_MODULES = YES;
				CLANG_ENABLE_OBJC_ARC = YES;
				CLANG_WARN_BOOL_CONVERSION = YES;
				CLANG_WARN_CONSTANT_CONVERSION = YES;
				CLANG_WARN_DIRECT_OBJC_ISA_USAGE = YES_ERROR;
				CLANG_WARN_EMPTY_BODY = YES;
				CLANG_WARN_ENUM_CONVERSION = YES;
				CLANG_WARN_INT_CONVERSION = YES;
				CLANG_WARN_OBJC_ROOT_CLASS = YES_ERROR;
				CLANG_WARN_UNREACHABLE_CODE = YES;
				CLANG_WARN__DUPLICATE_METHOD_MATCH = YES;
				"CODE_SIGN_IDENTITY[sdk=iphoneos*]" = "iPhone Developer";
				COPY_PHASE_STRIP = NO;
				DEBUG_INFORMATION_FORMAT = "dwarf-with-dsym";
				ENABLE_NS_ASSERTIONS = NO;
				ENABLE_STRICT_OBJC_MSGSEND = YES;
				GCC_C_LANGUAGE_STANDARD = gnu99;
				GCC_NO_COMMON_BLOCKS = YES;
				GCC_WARN_64_TO_32_BIT_CONVERSION = YES;
				GCC_WARN_ABOUT_RETURN_TYPE = YES_ERROR;
				GCC_WARN_UNDECLARED_SELECTOR = YES;
				GCC_WARN_UNINITIALIZED_AUTOS = YES_AGGRESSIVE;
				GCC_WARN_UNUSED_FUNCTION = YES;
				GCC_WARN_UNUSED_VARIABLE = YES;
				IPHONEOS_DEPLOYMENT_TARGET = 9.2;
				MTL_ENABLE_DEBUG_INFO = NO;
				SDKROOT = iphoneos;
				VALIDATE_PRODUCT = YES;
			};
			name = Release;
		};
		792461341D2C964B00983FDA /* Debug */ = {
			isa = XCBuildConfiguration;
			baseConfigurationReference = 77B2B701D3F2C88C4999D9AE /* Pods-EMDemo.debug.xcconfig */;
			buildSettings = {
				ASSETCATALOG_COMPILER_APPICON_NAME = AppIcon;
				ENABLE_BITCODE = NO;
				INFOPLIST_FILE = EMDemo/Info.plist;
				LD_RUNPATH_SEARCH_PATHS = "$(inherited) @executable_path/Frameworks";
				PRODUCT_BUNDLE_IDENTIFIER = wufenglei.EMDemo;
				PRODUCT_NAME = "$(TARGET_NAME)";
			};
			name = Debug;
		};
		792461351D2C964B00983FDA /* Release */ = {
			isa = XCBuildConfiguration;
			baseConfigurationReference = 1CAB29CE0A82EAE1274C4D7A /* Pods-EMDemo.release.xcconfig */;
			buildSettings = {
				ASSETCATALOG_COMPILER_APPICON_NAME = AppIcon;
				ENABLE_BITCODE = NO;
				INFOPLIST_FILE = EMDemo/Info.plist;
				LD_RUNPATH_SEARCH_PATHS = "$(inherited) @executable_path/Frameworks";
				PRODUCT_BUNDLE_IDENTIFIER = wufenglei.EMDemo;
				PRODUCT_NAME = "$(TARGET_NAME)";
			};
			name = Release;
		};
		792461371D2C964B00983FDA /* Debug */ = {
			isa = XCBuildConfiguration;
			buildSettings = {
				BUNDLE_LOADER = "$(TEST_HOST)";
				INFOPLIST_FILE = EMDemoTests/Info.plist;
				LD_RUNPATH_SEARCH_PATHS = "$(inherited) @executable_path/Frameworks @loader_path/Frameworks";
				PRODUCT_BUNDLE_IDENTIFIER = wufenglei.EMDemoTests;
				PRODUCT_NAME = "$(TARGET_NAME)";
				TEST_HOST = "$(BUILT_PRODUCTS_DIR)/EMDemo.app/EMDemo";
			};
			name = Debug;
		};
		792461381D2C964B00983FDA /* Release */ = {
			isa = XCBuildConfiguration;
			buildSettings = {
				BUNDLE_LOADER = "$(TEST_HOST)";
				INFOPLIST_FILE = EMDemoTests/Info.plist;
				LD_RUNPATH_SEARCH_PATHS = "$(inherited) @executable_path/Frameworks @loader_path/Frameworks";
				PRODUCT_BUNDLE_IDENTIFIER = wufenglei.EMDemoTests;
				PRODUCT_NAME = "$(TARGET_NAME)";
				TEST_HOST = "$(BUILT_PRODUCTS_DIR)/EMDemo.app/EMDemo";
			};
			name = Release;
		};
		7924613A1D2C964B00983FDA /* Debug */ = {
			isa = XCBuildConfiguration;
			buildSettings = {
				INFOPLIST_FILE = EMDemoUITests/Info.plist;
				LD_RUNPATH_SEARCH_PATHS = "$(inherited) @executable_path/Frameworks @loader_path/Frameworks";
				PRODUCT_BUNDLE_IDENTIFIER = wufenglei.EMDemoUITests;
				PRODUCT_NAME = "$(TARGET_NAME)";
				TEST_TARGET_NAME = EMDemo;
				USES_XCTRUNNER = YES;
			};
			name = Debug;
		};
		7924613B1D2C964B00983FDA /* Release */ = {
			isa = XCBuildConfiguration;
			buildSettings = {
				INFOPLIST_FILE = EMDemoUITests/Info.plist;
				LD_RUNPATH_SEARCH_PATHS = "$(inherited) @executable_path/Frameworks @loader_path/Frameworks";
				PRODUCT_BUNDLE_IDENTIFIER = wufenglei.EMDemoUITests;
				PRODUCT_NAME = "$(TARGET_NAME)";
				TEST_TARGET_NAME = EMDemo;
				USES_XCTRUNNER = YES;
			};
			name = Release;
		};
/* End XCBuildConfiguration section */

/* Begin XCConfigurationList section */
		792461011D2C964B00983FDA /* Build configuration list for PBXProject "EMDemo" */ = {
			isa = XCConfigurationList;
			buildConfigurations = (
				792461311D2C964B00983FDA /* Debug */,
				792461321D2C964B00983FDA /* Release */,
			);
			defaultConfigurationIsVisible = 0;
			defaultConfigurationName = Release;
		};
		792461331D2C964B00983FDA /* Build configuration list for PBXNativeTarget "EMDemo" */ = {
			isa = XCConfigurationList;
			buildConfigurations = (
				792461341D2C964B00983FDA /* Debug */,
				792461351D2C964B00983FDA /* Release */,
			);
			defaultConfigurationIsVisible = 0;
			defaultConfigurationName = Release;
		};
		792461361D2C964B00983FDA /* Build configuration list for PBXNativeTarget "EMDemoTests" */ = {
			isa = XCConfigurationList;
			buildConfigurations = (
				792461371D2C964B00983FDA /* Debug */,
				792461381D2C964B00983FDA /* Release */,
			);
			defaultConfigurationIsVisible = 0;
			defaultConfigurationName = Release;
		};
		792461391D2C964B00983FDA /* Build configuration list for PBXNativeTarget "EMDemoUITests" */ = {
			isa = XCConfigurationList;
			buildConfigurations = (
				7924613A1D2C964B00983FDA /* Debug */,
				7924613B1D2C964B00983FDA /* Release */,
			);
			defaultConfigurationIsVisible = 0;
			defaultConfigurationName = Release;
		};
/* End XCConfigurationList section */
	};
	rootObject = 792460FE1D2C964B00983FDA /* Project object */;
}
